
Microsoft Visual Studio Solution File, Format Version 12.00
# Visual Studio Version 16
VisualStudioVersion = 16.0.32228.343
MinimumVisualStudioVersion = 10.0.40219.1
Project("{FAE04EC0-301F-11D3-BF4B-00C04F79EFBC}") = "HRProject_BackEnd", "HRProject_BackEnd.csproj", "{8F08309F-B984-44E2-B089-2F1A5194FCBC}"
EndProject
Global
	GlobalSection(SolutionConfigurationPlatforms) = preSolution
		Debug|Any CPU = Debug|Any CPU
		Release|Any CPU = Release|Any CPU
	EndGlobalSection
	GlobalSection(ProjectConfigurationPlatforms) = postSolution
		{8F08309F-B984-44E2-B089-2F1A5194FCBC}.Debug|Any CPU.ActiveCfg = Debug|Any CPU
		{8F08309F-B984-44E2-B089-2F1A5194FCBC}.Debug|Any CPU.Build.0 = Debug|Any CPU
		{8F08309F-B984-44E2-B089-2F1A5194FCBC}.Release|Any CPU.ActiveCfg = Release|Any CPU
		{8F08309F-B984-44E2-B089-2F1A5194FCBC}.Release|Any CPU.Build.0 = Release|Any CPU
	EndGlobalSection
	GlobalSection(SolutionProperties) = preSolution
		HideSolutionNode = FALSE
	EndGlobalSection
	GlobalSection(ExtensibilityGlobals) = postSolution
		SolutionGuid = {3D7AA432-FED0-4FDA-BE15-28E710203977}
	EndGlobalSection
EndGlobal
