
Microsoft Visual Studio Solution File, Format Version 12.00
# Visual Studio Version 16
VisualStudioVersion = 16.0.31829.152
MinimumVisualStudioVersion = 10.0.40219.1
Project("{FAE04EC0-301F-11D3-BF4B-00C04F79EFBC}") = "HRProject_FrontEnd.Server", "HRProject_FrontEnd\Server\HRProject_FrontEnd.Server.csproj", "{3C4F21B7-A089-48D5-896A-3C164FA5D8CF}"
EndProject
Project("{FAE04EC0-301F-11D3-BF4B-00C04F79EFBC}") = "HRProject_FrontEnd.Client", "HRProject_FrontEnd\Client\HRProject_FrontEnd.Client.csproj", "{ECA38C8D-FE5A-4E3E-B215-CEB1787AB9EC}"
EndProject
Project("{FAE04EC0-301F-11D3-BF4B-00C04F79EFBC}") = "HRProject_FrontEnd.Shared", "HRProject_FrontEnd\Shared\HRProject_FrontEnd.Shared.csproj", "{0FCCE876-3454-402A-A3EC-10042526ED60}"
EndProject
Global
	GlobalSection(SolutionConfigurationPlatforms) = preSolution
		Debug|Any CPU = Debug|Any CPU
		Release|Any CPU = Release|Any CPU
	EndGlobalSection
	GlobalSection(ProjectConfigurationPlatforms) = postSolution
		{3C4F21B7-A089-48D5-896A-3C164FA5D8CF}.Debug|Any CPU.ActiveCfg = Debug|Any CPU
		{3C4F21B7-A089-48D5-896A-3C164FA5D8CF}.Debug|Any CPU.Build.0 = Debug|Any CPU
		{3C4F21B7-A089-48D5-896A-3C164FA5D8CF}.Release|Any CPU.ActiveCfg = Release|Any CPU
		{3C4F21B7-A089-48D5-896A-3C164FA5D8CF}.Release|Any CPU.Build.0 = Release|Any CPU
		{ECA38C8D-FE5A-4E3E-B215-CEB1787AB9EC}.Debug|Any CPU.ActiveCfg = Debug|Any CPU
		{ECA38C8D-FE5A-4E3E-B215-CEB1787AB9EC}.Debug|Any CPU.Build.0 = Debug|Any CPU
		{ECA38C8D-FE5A-4E3E-B215-CEB1787AB9EC}.Release|Any CPU.ActiveCfg = Release|Any CPU
		{ECA38C8D-FE5A-4E3E-B215-CEB1787AB9EC}.Release|Any CPU.Build.0 = Release|Any CPU
		{0FCCE876-3454-402A-A3EC-10042526ED60}.Debug|Any CPU.ActiveCfg = Debug|Any CPU
		{0FCCE876-3454-402A-A3EC-10042526ED60}.Debug|Any CPU.Build.0 = Debug|Any CPU
		{0FCCE876-3454-402A-A3EC-10042526ED60}.Release|Any CPU.ActiveCfg = Release|Any CPU
		{0FCCE876-3454-402A-A3EC-10042526ED60}.Release|Any CPU.Build.0 = Release|Any CPU
	EndGlobalSection
	GlobalSection(SolutionProperties) = preSolution
		HideSolutionNode = FALSE
	EndGlobalSection
	GlobalSection(ExtensibilityGlobals) = postSolution
		SolutionGuid = {D50D18C7-9475-474F-9166-6AA31C1C153A}
	EndGlobalSection
EndGlobal
